{
    "_readme": [
        "This file locks the dependencies of your project to a known state",
        "Read more about it at https://getcomposer.org/doc/01-basic-usage.md#composer-lock-the-lock-file",
        "This file is @generated automatically"
    ],
    "content-hash": "426429a3543d07df766881db88460685",
    "packages": [
        {
            "name": "andersondanilo/cnab_php",
            "version": "1.3.18",
            "source": {
                "type": "git",
                "url": "https://github.com/andersondanilo/CnabPHP.git",
                "reference": "65fbf9beda0d5d2b60a3b3363349e8a3f18731b0"
            },
            "dist": {
                "type": "zip",
                "url": "https://api.github.com/repos/andersondanilo/CnabPHP/zipball/65fbf9beda0d5d2b60a3b3363349e8a3f18731b0",
                "reference": "65fbf9beda0d5d2b60a3b3363349e8a3f18731b0",
                "shasum": ""
            },
            "require": {
                "andersondanilo/cnab_yaml": "~1.3",
                "mustangostang/spyc": "0.5.*",
                "php": ">=5.4.0"
            },
            "require-dev": {
                "codeclimate/php-test-reporter": "dev-master",
                "phpunit/php-code-coverage": "1.2.*",
                "phpunit/phpunit": "3.7.*"
            },
            "type": "library",
            "autoload": {
                "psr-4": {
                    "Cnab\\": "src/Cnab"
                }
            },
            "notification-url": "https://packagist.org/downloads/",
            "authors": [
                {
                    "name": "Anderson Danilo",
                    "email": "andersondanilo.souza@gmail.com"
                },
                {
                    "name": "Hermenegildo Marin Junior",
                    "email": "hmarinjr@gmail.com"
                }
            ],
            "description": "Projeto para criar arquivos de remessas e processar arquivos de retorno no formato CNAB",
            "keywords": [
                "boleto",
                "remessa",
                "retorno"
            ],
            "time": "2018-03-12T14:27:17+00:00"
        },
        {
            "name": "andersondanilo/cnab_yaml",
            "version": "1.3.2",
            "source": {
                "type": "git",
                "url": "https://github.com/andersondanilo/cnab_yaml.git",
                "reference": "17d7ea88fba92835c6cd5ffa66ff4ea8de0f91c0"
            },
            "dist": {
                "type": "zip",
                "url": "https://api.github.com/repos/andersondanilo/cnab_yaml/zipball/17d7ea88fba92835c6cd5ffa66ff4ea8de0f91c0",
                "reference": "17d7ea88fba92835c6cd5ffa66ff4ea8de0f91c0",
                "shasum": ""
            },
            "type": "library",
            "notification-url": "https://packagist.org/downloads/",
            "authors": [
                {
                    "name": "Anderson Danilo",
                    "email": "andersondanilo.souza@gmail.com"
                },
                {
                    "name": "Wemerson Januario",
                    "email": "wemerson.januario@gmail.com"
                },
                {
                    "name": "Fernando Dutra neres",
                    "email": "fernando@inova2b.com.br"
                },
                {
                    "name": "Hermenegildo Marin Junior",
                    "email": "hmarinjr@gmail.com"
                }
            ],
            "description": "Especificação do formato Cnab240 e Cnab400 traduzida para Yaml",
            "keywords": [
                "boleto",
                "cnab",
                "cnab240",
                "cnab400",
                "edi",
                "remessa",
                "retorno",
                "yaml"
            ],
            "time": "2018-03-12T14:26:47+00:00"
        },
        {
            "name": "jansenfelipe/utils",
            "version": "v2.0.4",
            "source": {
                "type": "git",
                "url": "https://github.com/jansenfelipe/utils.git",
                "reference": "351e4c5fe5afa1e1300372bb4e99cb686caf7628"
            },
            "dist": {
                "type": "zip",
                "url": "https://api.github.com/repos/jansenfelipe/utils/zipball/351e4c5fe5afa1e1300372bb4e99cb686caf7628",
                "reference": "351e4c5fe5afa1e1300372bb4e99cb686caf7628",
                "shasum": ""
            },
            "require": {
                "php": ">=5.3.0"
            },
            "require-dev": {
                "phpunit/phpunit": "~4.0"
            },
            "type": "library",
            "extra": {
                "branch-alias": {
                    "dev-master": "2.0-dev"
                }
            },
            "autoload": {
                "psr-4": {
                    "JansenFelipe\\Utils\\": "src/"
                }
            },
            "notification-url": "https://packagist.org/downloads/",
            "license": [
                "MIT"
            ],
            "authors": [
                {
                    "name": "Jansen Felipe",
                    "email": "jansen.felipe@gmail.com"
                }
            ],
            "description": "Uma simples classe utilitária com métodos que podem salvar sua vida (ou não)",
            "keywords": [
                "php",
                "util"
            ],
            "time": "2016-08-23T20:59:52+00:00"
        },
        {
            "name": "mustangostang/spyc",
            "version": "0.5.1",
            "source": {
                "type": "git",
                "url": "https://github.com/mustangostang/spyc.git",
                "reference": "dc4785b4d7227fd9905e086d499fb8abfadf9977"
            },
            "dist": {
                "type": "zip",
                "url": "https://api.github.com/repos/mustangostang/spyc/zipball/dc4785b4d7227fd9905e086d499fb8abfadf9977",
                "reference": "dc4785b4d7227fd9905e086d499fb8abfadf9977",
                "shasum": ""
            },
            "require": {
                "php": ">=5.3.1"
            },
            "type": "library",
            "extra": {
                "branch-alias": {
                    "dev-master": "0.5.x-dev"
                }
            },
            "autoload": {
                "files": [
                    "Spyc.php"
                ]
            },
            "notification-url": "https://packagist.org/downloads/",
            "license": [
                "MIT License"
            ],
            "authors": [
                {
                    "name": "mustangostang",
                    "email": "vlad.andersen@gmail.com"
                }
            ],
            "description": "A simple YAML loader/dumper class for PHP",
            "homepage": "https://github.com/mustangostang/spyc/",
            "keywords": [
                "spyc",
                "yaml",
                "yml"
            ],
            "time": "2013-02-21T10:52:01+00:00"
        },
        {
            "name": "nesbot/carbon",
            "version": "1.25.0",
            "source": {
                "type": "git",
                "url": "https://github.com/briannesbitt/Carbon.git",
                "reference": "cbcf13da0b531767e39eb86e9687f5deba9857b4"
            },
            "dist": {
                "type": "zip",
                "url": "https://api.github.com/repos/briannesbitt/Carbon/zipball/cbcf13da0b531767e39eb86e9687f5deba9857b4",
                "reference": "cbcf13da0b531767e39eb86e9687f5deba9857b4",
                "shasum": ""
            },
            "require": {
                "php": ">=5.3.9",
                "symfony/translation": "~2.6 || ~3.0 || ~4.0"
            },
            "require-dev": {
                "friendsofphp/php-cs-fixer": "~2",
                "phpunit/phpunit": "^4.8.35 || ^5.7"
            },
            "type": "library",
            "extra": {
                "branch-alias": {
                    "dev-master": "1.23-dev"
                }
            },
            "autoload": {
                "psr-4": {
                    "Carbon\\": "src/Carbon/"
                }
            },
            "notification-url": "https://packagist.org/downloads/",
            "license": [
                "MIT"
            ],
            "authors": [
                {
                    "name": "Brian Nesbitt",
                    "email": "brian@nesbot.com",
                    "homepage": "http://nesbot.com"
                }
            ],
            "description": "A simple API extension for DateTime.",
            "homepage": "http://carbon.nesbot.com",
            "keywords": [
                "date",
                "datetime",
                "time"
            ],
            "time": "2018-03-19T15:50:49+00:00"
        },
        {
            "name": "seunmatt/codeigniter-log-viewer",
            "version": "1.0.1",
            "source": {
                "type": "git",
                "url": "https://github.com/SeunMatt/codeigniter-log-viewer.git",
                "reference": "06086cf276e1a823ea52fd0b8f133ed8f5090e68"
            },
            "dist": {
                "type": "zip",
                "url": "https://api.github.com/repos/SeunMatt/codeigniter-log-viewer/zipball/06086cf276e1a823ea52fd0b8f133ed8f5090e68",
                "reference": "06086cf276e1a823ea52fd0b8f133ed8f5090e68",
                "shasum": ""
            },
            "require": {
                "php": ">=5.6.4"
            },
            "type": "library",
            "autoload": {
                "psr-4": {
                    "CILogViewer\\": "src/"
                }
            },
            "notification-url": "https://packagist.org/downloads/",
            "license": [
                "MIT"
            ],
            "authors": [
                {
                    "name": "Seun Matt",
                    "email": "smatt382@gmail.com"
                }
            ],
            "description": "This is a simple Log Viewer for viewing Code Igniter log files on the browser",
            "keywords": [
                "Code Igniter",
                "log viewer",
                "php"
            ],
            "time": "2018-01-11T04:32:53+00:00"
        },
        {
            "name": "symfony/polyfill-mbstring",
            "version": "v1.7.0",
            "source": {
                "type": "git",
                "url": "https://github.com/symfony/polyfill-mbstring.git",
                "reference": "78be803ce01e55d3491c1397cf1c64beb9c1b63b"
            },
            "dist": {
                "type": "zip",
                "url": "https://api.github.com/repos/symfony/polyfill-mbstring/zipball/78be803ce01e55d3491c1397cf1c64beb9c1b63b",
                "reference": "78be803ce01e55d3491c1397cf1c64beb9c1b63b",
                "shasum": ""
            },
            "require": {
                "php": ">=5.3.3"
            },
            "suggest": {
                "ext-mbstring": "For best performance"
            },
            "type": "library",
            "extra": {
                "branch-alias": {
                    "dev-master": "1.7-dev"
                }
            },
            "autoload": {
                "psr-4": {
                    "Symfony\\Polyfill\\Mbstring\\": ""
                },
                "files": [
                    "bootstrap.php"
                ]
            },
            "notification-url": "https://packagist.org/downloads/",
            "license": [
                "MIT"
            ],
            "authors": [
                {
                    "name": "Nicolas Grekas",
                    "email": "p@tchwork.com"
                },
                {
                    "name": "Symfony Community",
                    "homepage": "https://symfony.com/contributors"
                }
            ],
            "description": "Symfony polyfill for the Mbstring extension",
            "homepage": "https://symfony.com",
            "keywords": [
                "compatibility",
                "mbstring",
                "polyfill",
                "portable",
                "shim"
            ],
            "time": "2018-01-30T19:27:44+00:00"
        },
        {
            "name": "symfony/translation",
            "version": "v3.4.7",
            "source": {
                "type": "git",
                "url": "https://github.com/symfony/translation.git",
                "reference": "80e19eaf12cbb546ac40384e5c55c36306823e57"
            },
            "dist": {
                "type": "zip",
                "url": "https://api.github.com/repos/symfony/translation/zipball/80e19eaf12cbb546ac40384e5c55c36306823e57",
                "reference": "80e19eaf12cbb546ac40384e5c55c36306823e57",
                "shasum": ""
            },
            "require": {
                "php": "^5.5.9|>=7.0.8",
                "symfony/polyfill-mbstring": "~1.0"
            },
            "conflict": {
                "symfony/config": "<2.8",
                "symfony/dependency-injection": "<3.4",
                "symfony/yaml": "<3.4"
            },
            "require-dev": {
                "psr/log": "~1.0",
                "symfony/config": "~2.8|~3.0|~4.0",
                "symfony/dependency-injection": "~3.4|~4.0",
                "symfony/finder": "~2.8|~3.0|~4.0",
                "symfony/intl": "^2.8.18|^3.2.5|~4.0",
                "symfony/yaml": "~3.4|~4.0"
            },
            "suggest": {
                "psr/log": "To use logging capability in translator",
                "symfony/config": "",
                "symfony/yaml": ""
            },
            "type": "library",
            "extra": {
                "branch-alias": {
                    "dev-master": "3.4-dev"
                }
            },
            "autoload": {
                "psr-4": {
                    "Symfony\\Component\\Translation\\": ""
                },
                "exclude-from-classmap": [
                    "/Tests/"
                ]
            },
            "notification-url": "https://packagist.org/downloads/",
            "license": [
                "MIT"
            ],
            "authors": [
                {
                    "name": "Fabien Potencier",
                    "email": "fabien@symfony.com"
                },
                {
                    "name": "Symfony Community",
                    "homepage": "https://symfony.com/contributors"
                }
            ],
            "description": "Symfony Translation Component",
            "homepage": "https://symfony.com",
            "time": "2018-02-22T06:28:18+00:00"
        }
    ],
    "packages-dev": [
        {
            "name": "symfony/var-dumper",
            "version": "v3.4.7",
            "source": {
                "type": "git",
                "url": "https://github.com/symfony/var-dumper.git",
                "reference": "6f502127b1bb85f7f30f8bc1fb60570a10431863"
            },
            "dist": {
                "type": "zip",
                "url": "https://api.github.com/repos/symfony/var-dumper/zipball/6f502127b1bb85f7f30f8bc1fb60570a10431863",
                "reference": "6f502127b1bb85f7f30f8bc1fb60570a10431863",
                "shasum": ""
            },
            "require": {
                "php": "^5.5.9|>=7.0.8",
                "symfony/polyfill-mbstring": "~1.0"
            },
            "conflict": {
                "phpunit/phpunit": "<4.8.35|<5.4.3,>=5.0"
            },
            "require-dev": {
                "ext-iconv": "*",
                "twig/twig": "~1.34|~2.4"
            },
            "suggest": {
                "ext-iconv": "To convert non-UTF-8 strings to UTF-8 (or symfony/polyfill-iconv in case ext-iconv cannot be used).",
                "ext-intl": "To show region name in time zone dump",
                "ext-symfony_debug": ""
            },
            "type": "library",
            "extra": {
                "branch-alias": {
                    "dev-master": "3.4-dev"
                }
            },
            "autoload": {
                "files": [
                    "Resources/functions/dump.php"
                ],
                "psr-4": {
                    "Symfony\\Component\\VarDumper\\": ""
                },
                "exclude-from-classmap": [
                    "/Tests/"
                ]
            },
            "notification-url": "https://packagist.org/downloads/",
            "license": [
                "MIT"
            ],
            "authors": [
                {
                    "name": "Nicolas Grekas",
                    "email": "p@tchwork.com"
                },
                {
                    "name": "Symfony Community",
                    "homepage": "https://symfony.com/contributors"
                }
            ],
            "description": "Symfony mechanism for exploring and dumping PHP variables",
            "homepage": "https://symfony.com",
            "keywords": [
                "debug",
                "dump"
            ],
            "time": "2018-04-03T05:22:50+00:00"
        }
    ],
    "aliases": [],
    "minimum-stability": "stable",
    "stability-flags": [],
    "prefer-stable": false,
    "prefer-lowest": false,
    "platform": {
        "php": ">=5.3.7",
        "ext-mbstring": "*"
    },
    "platform-dev": []
}
